[[tools.fnox]]
version = "1.15.1"
backend = "github:jdx/fnox"
"platforms.linux-arm64" = { checksum = "sha256:6d705ccdb3e80e44d687f9771ea3c23ba94dd94cad33e74c5a9cbf790cd0df4c", url = "https://github.com/jdx/fnox/releases/download/v1.15.1/fnox-aarch64-unknown-linux-gnu.tar.gz", url_api = "https://api.github.com/repos/jdx/fnox/releases/assets/365349754"}
"platforms.linux-x64" = { checksum = "sha256:6ceb388be77569b74e3a15296119b3b54f98a0909354ac6575843d1fe6116128", url = "https://github.com/jdx/fnox/releases/download/v1.15.1/fnox-x86_64-unknown-linux-gnu.tar.gz", url_api = "https://api.github.com/repos/jdx/fnox/releases/assets/365349767"}
"platforms.macos-arm64" = { checksum = "sha256:440748f8aaea54a4c27dfa1e9b298759a0ae6430429f3e5ef7b71a530a1518c6", url = "https://github.com/jdx/fnox/releases/download/v1.15.1/fnox-aarch64-apple-darwin.tar.gz", url_api = "https://api.github.com/repos/jdx/fnox/releases/assets/365349753"}
"platforms.macos-x64" = { checksum = "sha256:c0fafbcba2c2a96ea715785af957462246516f19620bf7b37da12693cd9ac190", url = "https://github.com/jdx/fnox/releases/download/v1.15.1/fnox-x86_64-apple-darwin.tar.gz", url_api = "https://api.github.com/repos/jdx/fnox/releases/assets/365349756"}
"platforms.windows-x64" = { checksum = "sha256:b0dbc7fc5c7d5b5a2e932239fe4c710bdf0305d1006a1753d819b7b2956ec199", url = "https://github.com/jdx/fnox/releases/download/v1.15.1/fnox-x86_64-pc-windows-msvc.zip", url_api = "https://api.github.com/repos/jdx/fnox/releases/assets/365349757"}

[[tools.rust]]
version = "1.94.0"
backend = "core:rust"
