# @generated - this file is auto-generated by `mise lock` https://mise.jdx.dev/dev-tools/mise-lock.html

[[tools."cargo:cargo-deny"]]
version = "0.19.0"
backend = "cargo:cargo-deny"

[[tools."cargo:cargo-machete"]]
version = "0.9.1"
backend = "cargo:cargo-machete"

[[tools."cargo:cargo-release"]]
version = "1.1.1"
backend = "cargo:cargo-release"

[[tools."cargo:git-cliff"]]
version = "2.12.0"
backend = "cargo:git-cliff"

[[tools.fnox]]
version = "1.18.0"
backend = "github:jdx/fnox"

[tools.fnox."platforms.linux-arm64"]
checksum = "sha256:b37e31caf547a2edd834902354fdb15ca57685aa04772b20b8cfd77d409553c2"
url = "https://github.com/jdx/fnox/releases/download/v1.18.0/fnox-aarch64-unknown-linux-gnu.tar.gz"
url_api = "https://api.github.com/repos/jdx/fnox/releases/assets/373167036"

[tools.fnox."platforms.linux-arm64-musl"]
checksum = "sha256:b37e31caf547a2edd834902354fdb15ca57685aa04772b20b8cfd77d409553c2"
url = "https://github.com/jdx/fnox/releases/download/v1.18.0/fnox-aarch64-unknown-linux-gnu.tar.gz"
url_api = "https://api.github.com/repos/jdx/fnox/releases/assets/373167036"

[tools.fnox."platforms.linux-x64"]
checksum = "sha256:b71fd0f2ac782c682a864907f21ac554dc983f9ce49648221c54c751bcf8f239"
url = "https://github.com/jdx/fnox/releases/download/v1.18.0/fnox-x86_64-unknown-linux-gnu.tar.gz"
url_api = "https://api.github.com/repos/jdx/fnox/releases/assets/373167047"

[tools.fnox."platforms.linux-x64-musl"]
checksum = "sha256:b71fd0f2ac782c682a864907f21ac554dc983f9ce49648221c54c751bcf8f239"
url = "https://github.com/jdx/fnox/releases/download/v1.18.0/fnox-x86_64-unknown-linux-gnu.tar.gz"
url_api = "https://api.github.com/repos/jdx/fnox/releases/assets/373167047"

[tools.fnox."platforms.macos-arm64"]
checksum = "sha256:d06d3b9c7f663300ea7c8df8b6182b765a5c66adef8f087643e9e41c823b3da3"
url = "https://github.com/jdx/fnox/releases/download/v1.18.0/fnox-aarch64-apple-darwin.tar.gz"
url_api = "https://api.github.com/repos/jdx/fnox/releases/assets/373167035"

[tools.fnox."platforms.macos-x64"]
checksum = "sha256:f655c05eac805782c55169341f5b4db35cda9b8c826f656c2425905d5952c61b"
url = "https://github.com/jdx/fnox/releases/download/v1.18.0/fnox-x86_64-apple-darwin.tar.gz"
url_api = "https://api.github.com/repos/jdx/fnox/releases/assets/373167038"

[tools.fnox."platforms.windows-x64"]
checksum = "sha256:ba5cf94adcb3d6b9bb36fc910b81d14788630e1104e2675d2bc0c469ab561eb3"
url = "https://github.com/jdx/fnox/releases/download/v1.18.0/fnox-x86_64-pc-windows-msvc.zip"
url_api = "https://api.github.com/repos/jdx/fnox/releases/assets/373167034"

[[tools.jq]]
version = "1.8.1"
backend = "aqua:jqlang/jq"

[tools.jq."platforms.linux-arm64"]
checksum = "sha256:6bc62f25981328edd3cfcfe6fe51b073f2d7e7710d7ef7fcdac28d4e384fc3d4"
url = "https://github.com/jqlang/jq/releases/download/jq-1.8.1/jq-linux-arm64"

[tools.jq."platforms.linux-arm64-musl"]
checksum = "sha256:6bc62f25981328edd3cfcfe6fe51b073f2d7e7710d7ef7fcdac28d4e384fc3d4"
url = "https://github.com/jqlang/jq/releases/download/jq-1.8.1/jq-linux-arm64"

[tools.jq."platforms.linux-x64"]
checksum = "sha256:020468de7539ce70ef1bceaf7cde2e8c4f2ca6c3afb84642aabc5c97d9fc2a0d"
url = "https://github.com/jqlang/jq/releases/download/jq-1.8.1/jq-linux-amd64"

[tools.jq."platforms.linux-x64-musl"]
checksum = "sha256:020468de7539ce70ef1bceaf7cde2e8c4f2ca6c3afb84642aabc5c97d9fc2a0d"
url = "https://github.com/jqlang/jq/releases/download/jq-1.8.1/jq-linux-amd64"

[tools.jq."platforms.macos-arm64"]
checksum = "sha256:a9fe3ea2f86dfc72f6728417521ec9067b343277152b114f4e98d8cb0e263603"
url = "https://github.com/jqlang/jq/releases/download/jq-1.8.1/jq-macos-arm64"

[tools.jq."platforms.macos-x64"]
checksum = "sha256:e80dbe0d2a2597e3c11c404f03337b981d74b4a8504b70586c354b7697a7c27f"
url = "https://github.com/jqlang/jq/releases/download/jq-1.8.1/jq-macos-amd64"

[tools.jq."platforms.windows-x64"]
checksum = "sha256:23cb60a1354eed6bcc8d9b9735e8c7b388cd1fdcb75726b93bc299ef22dd9334"
url = "https://github.com/jqlang/jq/releases/download/jq-1.8.1/jq-windows-amd64.exe"

[[tools.rust]]
version = "1.94.0"
backend = "core:rust"
